// !$*UTF8*$!
{
	archiveVersion = 1;
	classes = {
	};
	objectVersion = 46;
	objects = {

/* Begin PBXBuildFile section */
		3207A37B1BDBAACC007CE339 /* main.m in Sources */ = {isa = PBXBuildFile; fileRef = 3207A37A1BDBAACC007CE339 /* main.m */; };
		3207A3841BDBAACC007CE339 /* Main.storyboard in Resources */ = {isa = PBXBuildFile; fileRef = 3207A3821BDBAACC007CE339 /* Main.storyboard */; };
		3207A3871BDBAACC007CE339 /* ContatosIP67.xcdatamodeld in Sources */ = {isa = PBXBuildFile; fileRef = 3207A3851BDBAACC007CE339 /* ContatosIP67.xcdatamodeld */; };
		3207A3891BDBAACC007CE339 /* Assets.xcassets in Resources */ = {isa = PBXBuildFile; fileRef = 3207A3881BDBAACC007CE339 /* Assets.xcassets */; };
		3207A38C1BDBAACC007CE339 /* LaunchScreen.storyboard in Resources */ = {isa = PBXBuildFile; fileRef = 3207A38A1BDBAACC007CE339 /* LaunchScreen.storyboard */; };
		3207A3971BDBAACC007CE339 /* ContatosIP67Tests.m in Sources */ = {isa = PBXBuildFile; fileRef = 3207A3961BDBAACC007CE339 /* ContatosIP67Tests.m */; };
		3207A3A21BDBAACC007CE339 /* ContatosIP67UITests.m in Sources */ = {isa = PBXBuildFile; fileRef = 3207A3A11BDBAACC007CE339 /* ContatosIP67UITests.m */; };
		3207A3B81BDBE7F6007CE339 /* AppDelegate.m in Sources */ = {isa = PBXBuildFile; fileRef = 3207A3B51BDBE7F6007CE339 /* AppDelegate.m */; };
		3207A3B91BDBE7F6007CE339 /* FormContactViewController.m in Sources */ = {isa = PBXBuildFile; fileRef = 3207A3B71BDBE7F6007CE339 /* FormContactViewController.m */; };
		3207A3BC1BDBE80C007CE339 /* Contact.m in Sources */ = {isa = PBXBuildFile; fileRef = 3207A3BB1BDBE80C007CE339 /* Contact.m */; };
		3207A3BF1BDBF136007CE339 /* ContactDao.m in Sources */ = {isa = PBXBuildFile; fileRef = 3207A3BE1BDBF136007CE339 /* ContactDao.m */; };
		3207A3C51BDC080C007CE339 /* ContactsListViewController.m in Sources */ = {isa = PBXBuildFile; fileRef = 3207A3C41BDC080C007CE339 /* ContactsListViewController.m */; };
		32BB79961BEE462F00AD84B2 /* ActionManager.m in Sources */ = {isa = PBXBuildFile; fileRef = 32BB79951BEE462F00AD84B2 /* ActionManager.m */; };
		32BE61891BF771E300DFB871 /* MapKit.framework in Frameworks */ = {isa = PBXBuildFile; fileRef = 32BE61881BF771E300DFB871 /* MapKit.framework */; };
/* End PBXBuildFile section */

/* Begin PBXContainerItemProxy section */
		3207A3931BDBAACC007CE339 /* PBXContainerItemProxy */ = {
			isa = PBXContainerItemProxy;
			containerPortal = 3207A36E1BDBAACC007CE339 /* Project object */;
			proxyType = 1;
			remoteGlobalIDString = 3207A3751BDBAACC007CE339;
			remoteInfo = ContatosIP67;
		};
		3207A39E1BDBAACC007CE339 /* PBXContainerItemProxy */ = {
			isa = PBXContainerItemProxy;
			containerPortal = 3207A36E1BDBAACC007CE339 /* Project object */;
			proxyType = 1;
			remoteGlobalIDString = 3207A3751BDBAACC007CE339;
			remoteInfo = ContatosIP67;
		};
/* End PBXContainerItemProxy section */

/* Begin PBXFileReference section */
		3207A3761BDBAACC007CE339 /* ContatosIP67.app */ = {isa = PBXFileReference; explicitFileType = wrapper.application; includeInIndex = 0; path = ContatosIP67.app; sourceTree = BUILT_PRODUCTS_DIR; };
		3207A37A1BDBAACC007CE339 /* main.m */ = {isa = PBXFileReference; lastKnownFileType = sourcecode.c.objc; path = main.m; sourceTree = "<group>"; };
		3207A3831BDBAACC007CE339 /* Base */ = {isa = PBXFileReference; lastKnownFileType = file.storyboard; name = Base; path = Base.lproj/Main.storyboard; sourceTree = "<group>"; };
		3207A3861BDBAACC007CE339 /* ContatosIP67.xcdatamodel */ = {isa = PBXFileReference; lastKnownFileType = wrapper.xcdatamodel; path = ContatosIP67.xcdatamodel; sourceTree = "<group>"; };
		3207A3881BDBAACC007CE339 /* Assets.xcassets */ = {isa = PBXFileReference; lastKnownFileType = folder.assetcatalog; path = Assets.xcassets; sourceTree = "<group>"; };
		3207A38B1BDBAACC007CE339 /* Base */ = {isa = PBXFileReference; lastKnownFileType = file.storyboard; name = Base; path = Base.lproj/LaunchScreen.storyboard; sourceTree = "<group>"; };
		3207A38D1BDBAACC007CE339 /* Info.plist */ = {isa = PBXFileReference; lastKnownFileType = text.plist.xml; path = Info.plist; sourceTree = "<group>"; };
		3207A3921BDBAACC007CE339 /* ContatosIP67Tests.xctest */ = {isa = PBXFileReference; explicitFileType = wrapper.cfbundle; includeInIndex = 0; path = ContatosIP67Tests.xctest; sourceTree = BUILT_PRODUCTS_DIR; };
		3207A3961BDBAACC007CE339 /* ContatosIP67Tests.m */ = {isa = PBXFileReference; lastKnownFileType = sourcecode.c.objc; path = ContatosIP67Tests.m; sourceTree = "<group>"; };
		3207A3981BDBAACC007CE339 /* Info.plist */ = {isa = PBXFileReference; lastKnownFileType = text.plist.xml; path = Info.plist; sourceTree = "<group>"; };
		3207A39D1BDBAACC007CE339 /* ContatosIP67UITests.xctest */ = {isa = PBXFileReference; explicitFileType = wrapper.cfbundle; includeInIndex = 0; path = ContatosIP67UITests.xctest; sourceTree = BUILT_PRODUCTS_DIR; };
		3207A3A11BDBAACC007CE339 /* ContatosIP67UITests.m */ = {isa = PBXFileReference; lastKnownFileType = sourcecode.c.objc; path = ContatosIP67UITests.m; sourceTree = "<group>"; };
		3207A3A31BDBAACC007CE339 /* Info.plist */ = {isa = PBXFileReference; lastKnownFileType = text.plist.xml; path = Info.plist; sourceTree = "<group>"; };
		3207A3B41BDBE7F6007CE339 /* AppDelegate.h */ = {isa = PBXFileReference; fileEncoding = 4; lastKnownFileType = sourcecode.c.h; path = AppDelegate.h; sourceTree = "<group>"; };
		3207A3B51BDBE7F6007CE339 /* AppDelegate.m */ = {isa = PBXFileReference; fileEncoding = 4; lastKnownFileType = sourcecode.c.objc; path = AppDelegate.m; sourceTree = "<group>"; };
		3207A3B61BDBE7F6007CE339 /* FormContactViewController.h */ = {isa = PBXFileReference; fileEncoding = 4; lastKnownFileType = sourcecode.c.h; path = FormContactViewController.h; sourceTree = "<group>"; };
		3207A3B71BDBE7F6007CE339 /* FormContactViewController.m */ = {isa = PBXFileReference; fileEncoding = 4; lastKnownFileType = sourcecode.c.objc; path = FormContactViewController.m; sourceTree = "<group>"; };
		3207A3BA1BDBE80C007CE339 /* Contact.h */ = {isa = PBXFileReference; fileEncoding = 4; lastKnownFileType = sourcecode.c.h; path = Contact.h; sourceTree = "<group>"; };
		3207A3BB1BDBE80C007CE339 /* Contact.m */ = {isa = PBXFileReference; fileEncoding = 4; lastKnownFileType = sourcecode.c.objc; path = Contact.m; sourceTree = "<group>"; };
		3207A3BD1BDBF136007CE339 /* ContactDao.h */ = {isa = PBXFileReference; fileEncoding = 4; lastKnownFileType = sourcecode.c.h; path = ContactDao.h; sourceTree = "<group>"; };
		3207A3BE1BDBF136007CE339 /* ContactDao.m */ = {isa = PBXFileReference; fileEncoding = 4; lastKnownFileType = sourcecode.c.objc; path = ContactDao.m; sourceTree = "<group>"; };
		3207A3C31BDC080C007CE339 /* ContactsListViewController.h */ = {isa = PBXFileReference; fileEncoding = 4; lastKnownFileType = sourcecode.c.h; path = ContactsListViewController.h; sourceTree = "<group>"; };
		3207A3C41BDC080C007CE339 /* ContactsListViewController.m */ = {isa = PBXFileReference; fileEncoding = 4; lastKnownFileType = sourcecode.c.objc; path = ContactsListViewController.m; sourceTree = "<group>"; };
		32BB79941BEE462F00AD84B2 /* ActionManager.h */ = {isa = PBXFileReference; fileEncoding = 4; lastKnownFileType = sourcecode.c.h; path = ActionManager.h; sourceTree = "<group>"; };
		32BB79951BEE462F00AD84B2 /* ActionManager.m */ = {isa = PBXFileReference; fileEncoding = 4; lastKnownFileType = sourcecode.c.objc; path = ActionManager.m; sourceTree = "<group>"; };
		32BE61881BF771E300DFB871 /* MapKit.framework */ = {isa = PBXFileReference; lastKnownFileType = wrapper.framework; name = MapKit.framework; path = System/Library/Frameworks/MapKit.framework; sourceTree = SDKROOT; };
/* End PBXFileReference section */

/* Begin PBXFrameworksBuildPhase section */
		3207A3731BDBAACC007CE339 /* Frameworks */ = {
			isa = PBXFrameworksBuildPhase;
			buildActionMask = 2147483647;
			files = (
				32BE61891BF771E300DFB871 /* MapKit.framework in Frameworks */,
			);
			runOnlyForDeploymentPostprocessing = 0;
		};
		3207A38F1BDBAACC007CE339 /* Frameworks */ = {
			isa = PBXFrameworksBuildPhase;
			buildActionMask = 2147483647;
			files = (
			);
			runOnlyForDeploymentPostprocessing = 0;
		};
		3207A39A1BDBAACC007CE339 /* Frameworks */ = {
			isa = PBXFrameworksBuildPhase;
			buildActionMask = 2147483647;
			files = (
			);
			runOnlyForDeploymentPostprocessing = 0;
		};
/* End PBXFrameworksBuildPhase section */

/* Begin PBXGroup section */
		3207A36D1BDBAACC007CE339 = {
			isa = PBXGroup;
			children = (
				32BE61881BF771E300DFB871 /* MapKit.framework */,
				3207A3781BDBAACC007CE339 /* ContatosIP67 */,
				3207A3951BDBAACC007CE339 /* ContatosIP67Tests */,
				3207A3A01BDBAACC007CE339 /* ContatosIP67UITests */,
				3207A3771BDBAACC007CE339 /* Products */,
			);
			sourceTree = "<group>";
		};
		3207A3771BDBAACC007CE339 /* Products */ = {
			isa = PBXGroup;
			children = (
				3207A3761BDBAACC007CE339 /* ContatosIP67.app */,
				3207A3921BDBAACC007CE339 /* ContatosIP67Tests.xctest */,
				3207A39D1BDBAACC007CE339 /* ContatosIP67UITests.xctest */,
			);
			name = Products;
			sourceTree = "<group>";
		};
		3207A3781BDBAACC007CE339 /* ContatosIP67 */ = {
			isa = PBXGroup;
			children = (
				3207A3BA1BDBE80C007CE339 /* Contact.h */,
				3207A3BB1BDBE80C007CE339 /* Contact.m */,
				3207A3B41BDBE7F6007CE339 /* AppDelegate.h */,
				3207A3B51BDBE7F6007CE339 /* AppDelegate.m */,
				3207A3B61BDBE7F6007CE339 /* FormContactViewController.h */,
				3207A3B71BDBE7F6007CE339 /* FormContactViewController.m */,
				3207A3821BDBAACC007CE339 /* Main.storyboard */,
				3207A3881BDBAACC007CE339 /* Assets.xcassets */,
				3207A38A1BDBAACC007CE339 /* LaunchScreen.storyboard */,
				3207A38D1BDBAACC007CE339 /* Info.plist */,
				3207A3851BDBAACC007CE339 /* ContatosIP67.xcdatamodeld */,
				3207A3791BDBAACC007CE339 /* Supporting Files */,
				3207A3BD1BDBF136007CE339 /* ContactDao.h */,
				3207A3BE1BDBF136007CE339 /* ContactDao.m */,
				3207A3C31BDC080C007CE339 /* ContactsListViewController.h */,
				3207A3C41BDC080C007CE339 /* ContactsListViewController.m */,
				32BB79941BEE462F00AD84B2 /* ActionManager.h */,
				32BB79951BEE462F00AD84B2 /* ActionManager.m */,
			);
			path = ContatosIP67;
			sourceTree = "<group>";
		};
		3207A3791BDBAACC007CE339 /* Supporting Files */ = {
			isa = PBXGroup;
			children = (
				3207A37A1BDBAACC007CE339 /* main.m */,
			);
			name = "Supporting Files";
			sourceTree = "<group>";
		};
		3207A3951BDBAACC007CE339 /* ContatosIP67Tests */ = {
			isa = PBXGroup;
			children = (
				3207A3961BDBAACC007CE339 /* ContatosIP67Tests.m */,
				3207A3981BDBAACC007CE339 /* Info.plist */,
			);
			path = ContatosIP67Tests;
			sourceTree = "<group>";
		};
		3207A3A01BDBAACC007CE339 /* ContatosIP67UITests */ = {
			isa = PBXGroup;
			children = (
				3207A3A11BDBAACC007CE339 /* ContatosIP67UITests.m */,
				3207A3A31BDBAACC007CE339 /* Info.plist */,
			);
			path = ContatosIP67UITests;
			sourceTree = "<group>";
		};
/* End PBXGroup section */

/* Begin PBXNativeTarget section */
		3207A3751BDBAACC007CE339 /* ContatosIP67 */ = {
			isa = PBXNativeTarget;
			buildConfigurationList = 3207A3A61BDBAACC007CE339 /* Build configuration list for PBXNativeTarget "ContatosIP67" */;
			buildPhases = (
				3207A3721BDBAACC007CE339 /* Sources */,
				3207A3731BDBAACC007CE339 /* Frameworks */,
				3207A3741BDBAACC007CE339 /* Resources */,
			);
			buildRules = (
			);
			dependencies = (
			);
			name = ContatosIP67;
			productName = ContatosIP67;
			productReference = 3207A3761BDBAACC007CE339 /* ContatosIP67.app */;
			productType = "com.apple.product-type.application";
		};
		3207A3911BDBAACC007CE339 /* ContatosIP67Tests */ = {
			isa = PBXNativeTarget;
			buildConfigurationList = 3207A3A91BDBAACC007CE339 /* Build configuration list for PBXNativeTarget "ContatosIP67Tests" */;
			buildPhases = (
				3207A38E1BDBAACC007CE339 /* Sources */,
				3207A38F1BDBAACC007CE339 /* Frameworks */,
				3207A3901BDBAACC007CE339 /* Resources */,
			);
			buildRules = (
			);
			dependencies = (
				3207A3941BDBAACC007CE339 /* PBXTargetDependency */,
			);
			name = ContatosIP67Tests;
			productName = ContatosIP67Tests;
			productReference = 3207A3921BDBAACC007CE339 /* ContatosIP67Tests.xctest */;
			productType = "com.apple.product-type.bundle.unit-test";
		};
		3207A39C1BDBAACC007CE339 /* ContatosIP67UITests */ = {
			isa = PBXNativeTarget;
			buildConfigurationList = 3207A3AC1BDBAACC007CE339 /* Build configuration list for PBXNativeTarget "ContatosIP67UITests" */;
			buildPhases = (
				3207A3991BDBAACC007CE339 /* Sources */,
				3207A39A1BDBAACC007CE339 /* Frameworks */,
				3207A39B1BDBAACC007CE339 /* Resources */,
			);
			buildRules = (
			);
			dependencies = (
				3207A39F1BDBAACC007CE339 /* PBXTargetDependency */,
			);
			name = ContatosIP67UITests;
			productName = ContatosIP67UITests;
			productReference = 3207A39D1BDBAACC007CE339 /* ContatosIP67UITests.xctest */;
			productType = "com.apple.product-type.bundle.ui-testing";
		};
/* End PBXNativeTarget section */

/* Begin PBXProject section */
		3207A36E1BDBAACC007CE339 /* Project object */ = {
			isa = PBXProject;
			attributes = {
				LastUpgradeCheck = 0710;
				ORGANIZATIONNAME = Venturus;
				TargetAttributes = {
					3207A3751BDBAACC007CE339 = {
						CreatedOnToolsVersion = 7.1;
						DevelopmentTeam = 5CE4NN83FU;
					};
					3207A3911BDBAACC007CE339 = {
						CreatedOnToolsVersion = 7.1;
						TestTargetID = 3207A3751BDBAACC007CE339;
					};
					3207A39C1BDBAACC007CE339 = {
						CreatedOnToolsVersion = 7.1;
						TestTargetID = 3207A3751BDBAACC007CE339;
					};
				};
			};
			buildConfigurationList = 3207A3711BDBAACC007CE339 /* Build configuration list for PBXProject "ContatosIP67" */;
			compatibilityVersion = "Xcode 3.2";
			developmentRegion = English;
			hasScannedForEncodings = 0;
			knownRegions = (
				en,
				Base,
			);
			mainGroup = 3207A36D1BDBAACC007CE339;
			productRefGroup = 3207A3771BDBAACC007CE339 /* Products */;
			projectDirPath = "";
			projectRoot = "";
			targets = (
				3207A3751BDBAACC007CE339 /* ContatosIP67 */,
				3207A3911BDBAACC007CE339 /* ContatosIP67Tests */,
				3207A39C1BDBAACC007CE339 /* ContatosIP67UITests */,
			);
		};
/* End PBXProject section */

/* Begin PBXResourcesBuildPhase section */
		3207A3741BDBAACC007CE339 /* Resources */ = {
			isa = PBXResourcesBuildPhase;
			buildActionMask = 2147483647;
			files = (
				3207A38C1BDBAACC007CE339 /* LaunchScreen.storyboard in Resources */,
				3207A3891BDBAACC007CE339 /* Assets.xcassets in Resources */,
				3207A3841BDBAACC007CE339 /* Main.storyboard in Resources */,
			);
			runOnlyForDeploymentPostprocessing = 0;
		};
		3207A3901BDBAACC007CE339 /* Resources */ = {
			isa = PBXResourcesBuildPhase;
			buildActionMask = 2147483647;
			files = (
			);
			runOnlyForDeploymentPostprocessing = 0;
		};
		3207A39B1BDBAACC007CE339 /* Resources */ = {
			isa = PBXResourcesBuildPhase;
			buildActionMask = 2147483647;
			files = (
			);
			runOnlyForDeploymentPostprocessing = 0;
		};
/* End PBXResourcesBuildPhase section */

/* Begin PBXSourcesBuildPhase section */
		3207A3721BDBAACC007CE339 /* Sources */ = {
			isa = PBXSourcesBuildPhase;
			buildActionMask = 2147483647;
			files = (
				3207A3B81BDBE7F6007CE339 /* AppDelegate.m in Sources */,
				3207A3871BDBAACC007CE339 /* ContatosIP67.xcdatamodeld in Sources */,
				3207A3B91BDBE7F6007CE339 /* FormContactViewController.m in Sources */,
				32BB79961BEE462F00AD84B2 /* ActionManager.m in Sources */,
				3207A3BF1BDBF136007CE339 /* ContactDao.m in Sources */,
				3207A3BC1BDBE80C007CE339 /* Contact.m in Sources */,
				3207A37B1BDBAACC007CE339 /* main.m in Sources */,
				3207A3C51BDC080C007CE339 /* ContactsListViewController.m in Sources */,
			);
			runOnlyForDeploymentPostprocessing = 0;
		};
		3207A38E1BDBAACC007CE339 /* Sources */ = {
			isa = PBXSourcesBuildPhase;
			buildActionMask = 2147483647;
			files = (
				3207A3971BDBAACC007CE339 /* ContatosIP67Tests.m in Sources */,
			);
			runOnlyForDeploymentPostprocessing = 0;
		};
		3207A3991BDBAACC007CE339 /* Sources */ = {
			isa = PBXSourcesBuildPhase;
			buildActionMask = 2147483647;
			files = (
				3207A3A21BDBAACC007CE339 /* ContatosIP67UITests.m in Sources */,
			);
			runOnlyForDeploymentPostprocessing = 0;
		};
/* End PBXSourcesBuildPhase section */

/* Begin PBXTargetDependency section */
		3207A3941BDBAACC007CE339 /* PBXTargetDependency */ = {
			isa = PBXTargetDependency;
			target = 3207A3751BDBAACC007CE339 /* ContatosIP67 */;
			targetProxy = 3207A3931BDBAACC007CE339 /* PBXContainerItemProxy */;
		};
		3207A39F1BDBAACC007CE339 /* PBXTargetDependency */ = {
			isa = PBXTargetDependency;
			target = 3207A3751BDBAACC007CE339 /* ContatosIP67 */;
			targetProxy = 3207A39E1BDBAACC007CE339 /* PBXContainerItemProxy */;
		};
/* End PBXTargetDependency section */

/* Begin PBXVariantGroup section */
		3207A3821BDBAACC007CE339 /* Main.storyboard */ = {
			isa = PBXVariantGroup;
			children = (
				3207A3831BDBAACC007CE339 /* Base */,
			);
			name = Main.storyboard;
			sourceTree = "<group>";
		};
		3207A38A1BDBAACC007CE339 /* LaunchScreen.storyboard */ = {
			isa = PBXVariantGroup;
			children = (
				3207A38B1BDBAACC007CE339 /* Base */,
			);
			name = LaunchScreen.storyboard;
			sourceTree = "<group>";
		};
/* End PBXVariantGroup section */

/* Begin XCBuildConfiguration section */
		3207A3A41BDBAACC007CE339 /* Debug */ = {
			isa = XCBuildConfiguration;
			buildSettings = {
				ALWAYS_SEARCH_USER_PATHS = NO;
				CLANG_CXX_LANGUAGE_STANDARD = "gnu++0x";
				CLANG_CXX_LIBRARY = "libc++";
				CLANG_ENABLE_MODULES = YES;
				CLANG_ENABLE_OBJC_ARC = YES;
				CLANG_WARN_BOOL_CONVERSION = YES;
				CLANG_WARN_CONSTANT_CONVERSION = YES;
				CLANG_WARN_DIRECT_OBJC_ISA_USAGE = YES_ERROR;
				CLANG_WARN_EMPTY_BODY = YES;
				CLANG_WARN_ENUM_CONVERSION = YES;
				CLANG_WARN_INT_CONVERSION = YES;
				CLANG_WARN_OBJC_ROOT_CLASS = YES_ERROR;
				CLANG_WARN_UNREACHABLE_CODE = YES;
				CLANG_WARN__DUPLICATE_METHOD_MATCH = YES;
				"CODE_SIGN_IDENTITY[sdk=iphoneos*]" = "iPhone Developer";
				COPY_PHASE_STRIP = NO;
				DEBUG_INFORMATION_FORMAT = dwarf;
				ENABLE_STRICT_OBJC_MSGSEND = YES;
				ENABLE_TESTABILITY = YES;
				GCC_C_LANGUAGE_STANDARD = gnu99;
				GCC_DYNAMIC_NO_PIC = NO;
				GCC_NO_COMMON_BLOCKS = YES;
				GCC_OPTIMIZATION_LEVEL = 0;
				GCC_PREPROCESSOR_DEFINITIONS = (
					"DEBUG=1",
					"$(inherited)",
				);
				GCC_WARN_64_TO_32_BIT_CONVERSION = YES;
				GCC_WARN_ABOUT_RETURN_TYPE = YES_ERROR;
				GCC_WARN_UNDECLARED_SELECTOR = YES;
				GCC_WARN_UNINITIALIZED_AUTOS = YES_AGGRESSIVE;
				GCC_WARN_UNUSED_FUNCTION = YES;
				GCC_WARN_UNUSED_VARIABLE = YES;
				IPHONEOS_DEPLOYMENT_TARGET = 9.1;
				MTL_ENABLE_DEBUG_INFO = YES;
				ONLY_ACTIVE_ARCH = YES;
				SDKROOT = iphoneos;
			};
			name = Debug;
		};
		3207A3A51BDBAACC007CE339 /* Release */ = {
			isa = XCBuildConfiguration;
			buildSettings = {
				ALWAYS_SEARCH_USER_PATHS = NO;
				CLANG_CXX_LANGUAGE_STANDARD = "gnu++0x";
				CLANG_CXX_LIBRARY = "libc++";
				CLANG_ENABLE_MODULES = YES;
				CLANG_ENABLE_OBJC_ARC = YES;
				CLANG_WARN_BOOL_CONVERSION = YES;
				CLANG_WARN_CONSTANT_CONVERSION = YES;
				CLANG_WARN_DIRECT_OBJC_ISA_USAGE = YES_ERROR;
				CLANG_WARN_EMPTY_BODY = YES;
				CLANG_WARN_ENUM_CONVERSION = YES;
				CLANG_WARN_INT_CONVERSION = YES;
				CLANG_WARN_OBJC_ROOT_CLASS = YES_ERROR;
				CLANG_WARN_UNREACHABLE_CODE = YES;
				CLANG_WARN__DUPLICATE_METHOD_MATCH = YES;
				"CODE_SIGN_IDENTITY[sdk=iphoneos*]" = "iPhone Developer";
				COPY_PHASE_STRIP = NO;
				DEBUG_INFORMATION_FORMAT = "dwarf-with-dsym";
				ENABLE_NS_ASSERTIONS = NO;
				ENABLE_STRICT_OBJC_MSGSEND = YES;
				GCC_C_LANGUAGE_STANDARD = gnu99;
				GCC_NO_COMMON_BLOCKS = YES;
				GCC_WARN_64_TO_32_BIT_CONVERSION = YES;
				GCC_WARN_ABOUT_RETURN_TYPE = YES_ERROR;
				GCC_WARN_UNDECLARED_SELECTOR = YES;
				GCC_WARN_UNINITIALIZED_AUTOS = YES_AGGRESSIVE;
				GCC_WARN_UNUSED_FUNCTION = YES;
				GCC_WARN_UNUSED_VARIABLE = YES;
				IPHONEOS_DEPLOYMENT_TARGET = 9.1;
				MTL_ENABLE_DEBUG_INFO = NO;
				SDKROOT = iphoneos;
				VALIDATE_PRODUCT = YES;
			};
			name = Release;
		};
		3207A3A71BDBAACC007CE339 /* Debug */ = {
			isa = XCBuildConfiguration;
			buildSettings = {
				ASSETCATALOG_COMPILER_APPICON_NAME = AppIcon;
				CODE_SIGN_IDENTITY = "iPhone Developer";
				"CODE_SIGN_IDENTITY[sdk=iphoneos*]" = "iPhone Developer";
				INFOPLIST_FILE = ContatosIP67/Info.plist;
				IPHONEOS_DEPLOYMENT_TARGET = 9.1;
				LD_RUNPATH_SEARCH_PATHS = "$(inherited) @executable_path/Frameworks";
				PRODUCT_BUNDLE_IDENTIFIER = br.org.venturus.ContatosIP67;
				PRODUCT_NAME = "$(TARGET_NAME)";
				PROVISIONING_PROFILE = "";
			};
			name = Debug;
		};
		3207A3A81BDBAACC007CE339 /* Release */ = {
			isa = XCBuildConfiguration;
			buildSettings = {
				ASSETCATALOG_COMPILER_APPICON_NAME = AppIcon;
				CODE_SIGN_IDENTITY = "iPhone Developer";
				"CODE_SIGN_IDENTITY[sdk=iphoneos*]" = "iPhone Developer";
				INFOPLIST_FILE = ContatosIP67/Info.plist;
				IPHONEOS_DEPLOYMENT_TARGET = 9.1;
				LD_RUNPATH_SEARCH_PATHS = "$(inherited) @executable_path/Frameworks";
				PRODUCT_BUNDLE_IDENTIFIER = br.org.venturus.ContatosIP67;
				PRODUCT_NAME = "$(TARGET_NAME)";
				PROVISIONING_PROFILE = "";
			};
			name = Release;
		};
		3207A3AA1BDBAACC007CE339 /* Debug */ = {
			isa = XCBuildConfiguration;
			buildSettings = {
				BUNDLE_LOADER = "$(TEST_HOST)";
				INFOPLIST_FILE = ContatosIP67Tests/Info.plist;
				LD_RUNPATH_SEARCH_PATHS = "$(inherited) @executable_path/Frameworks @loader_path/Frameworks";
				PRODUCT_BUNDLE_IDENTIFIER = br.org.venturus.ContatosIP67Tests;
				PRODUCT_NAME = "$(TARGET_NAME)";
				TEST_HOST = "$(BUILT_PRODUCTS_DIR)/ContatosIP67.app/ContatosIP67";
			};
			name = Debug;
		};
		3207A3AB1BDBAACC007CE339 /* Release */ = {
			isa = XCBuildConfiguration;
			buildSettings = {
				BUNDLE_LOADER = "$(TEST_HOST)";
				INFOPLIST_FILE = ContatosIP67Tests/Info.plist;
				LD_RUNPATH_SEARCH_PATHS = "$(inherited) @executable_path/Frameworks @loader_path/Frameworks";
				PRODUCT_BUNDLE_IDENTIFIER = br.org.venturus.ContatosIP67Tests;
				PRODUCT_NAME = "$(TARGET_NAME)";
				TEST_HOST = "$(BUILT_PRODUCTS_DIR)/ContatosIP67.app/ContatosIP67";
			};
			name = Release;
		};
		3207A3AD1BDBAACC007CE339 /* Debug */ = {
			isa = XCBuildConfiguration;
			buildSettings = {
				INFOPLIST_FILE = ContatosIP67UITests/Info.plist;
				LD_RUNPATH_SEARCH_PATHS = "$(inherited) @executable_path/Frameworks @loader_path/Frameworks";
				PRODUCT_BUNDLE_IDENTIFIER = br.org.venturus.ContatosIP67UITests;
				PRODUCT_NAME = "$(TARGET_NAME)";
				TEST_TARGET_NAME = ContatosIP67;
				USES_XCTRUNNER = YES;
			};
			name = Debug;
		};
		3207A3AE1BDBAACC007CE339 /* Release */ = {
			isa = XCBuildConfiguration;
			buildSettings = {
				INFOPLIST_FILE = ContatosIP67UITests/Info.plist;
				LD_RUNPATH_SEARCH_PATHS = "$(inherited) @executable_path/Frameworks @loader_path/Frameworks";
				PRODUCT_BUNDLE_IDENTIFIER = br.org.venturus.ContatosIP67UITests;
				PRODUCT_NAME = "$(TARGET_NAME)";
				TEST_TARGET_NAME = ContatosIP67;
				USES_XCTRUNNER = YES;
			};
			name = Release;
		};
/* End XCBuildConfiguration section */

/* Begin XCConfigurationList section */
		3207A3711BDBAACC007CE339 /* Build configuration list for PBXProject "ContatosIP67" */ = {
			isa = XCConfigurationList;
			buildConfigurations = (
				3207A3A41BDBAACC007CE339 /* Debug */,
				3207A3A51BDBAACC007CE339 /* Release */,
			);
			defaultConfigurationIsVisible = 0;
			defaultConfigurationName = Release;
		};
		3207A3A61BDBAACC007CE339 /* Build configuration list for PBXNativeTarget "ContatosIP67" */ = {
			isa = XCConfigurationList;
			buildConfigurations = (
				3207A3A71BDBAACC007CE339 /* Debug */,
				3207A3A81BDBAACC007CE339 /* Release */,
			);
			defaultConfigurationIsVisible = 0;
			defaultConfigurationName = Release;
		};
		3207A3A91BDBAACC007CE339 /* Build configuration list for PBXNativeTarget "ContatosIP67Tests" */ = {
			isa = XCConfigurationList;
			buildConfigurations = (
				3207A3AA1BDBAACC007CE339 /* Debug */,
				3207A3AB1BDBAACC007CE339 /* Release */,
			);
			defaultConfigurationIsVisible = 0;
			defaultConfigurationName = Release;
		};
		3207A3AC1BDBAACC007CE339 /* Build configuration list for PBXNativeTarget "ContatosIP67UITests" */ = {
			isa = XCConfigurationList;
			buildConfigurations = (
				3207A3AD1BDBAACC007CE339 /* Debug */,
				3207A3AE1BDBAACC007CE339 /* Release */,
			);
			defaultConfigurationIsVisible = 0;
			defaultConfigurationName = Release;
		};
/* End XCConfigurationList section */

/* Begin XCVersionGroup section */
		3207A3851BDBAACC007CE339 /* ContatosIP67.xcdatamodeld */ = {
			isa = XCVersionGroup;
			children = (
				3207A3861BDBAACC007CE339 /* ContatosIP67.xcdatamodel */,
			);
			currentVersion = 3207A3861BDBAACC007CE339 /* ContatosIP67.xcdatamodel */;
			path = ContatosIP67.xcdatamodeld;
			sourceTree = "<group>";
			versionGroupType = wrapper.xcdatamodel;
		};
/* End XCVersionGroup section */
	};
	rootObject = 3207A36E1BDBAACC007CE339 /* Project object */;
}
